
Microsoft Visual Studio Solution File, Format Version 12.00
# Visual Studio Version 17
VisualStudioVersion = 17.1.32319.34
MinimumVisualStudioVersion = 10.0.40219.1
Project("{2150E333-8FDC-42A3-9474-1A3956D46DE8}") = "Solution Items", "Solution Items", "{02091FAA-8500-45F7-9EC4-885D6138E2BB}"
	ProjectSection(SolutionItems) = preProject
		.dockerignore = .dockerignore
		.gitattributes = .gitattributes
		.gitignore = .gitignore
		docker-compose.dcproj = docker-compose.dcproj
		docker-compose.override.yml = docker-compose.override.yml
		docker-compose.yml = docker-compose.yml
		global.json = global.json
		README.md = README.md
	EndProjectSection
EndProject
Project("{9A19103F-16F7-4668-BE54-9A1E7A4F7556}") = "Website.Lib", "Website.Lib\Website.Lib.csproj", "{8A95DD2F-E743-438F-8189-66449B8513A4}"
EndProject
Project("{9A19103F-16F7-4668-BE54-9A1E7A4F7556}") = "Website.BlazorWebAssembly", "Website.BlazorWebAssembly\Website.BlazorWebAssembly.csproj", "{318E048D-D184-4B80-8482-32244AD66EFB}"
EndProject
Project("{FAE04EC0-301F-11D3-BF4B-00C04F79EFBC}") = "Website.BlazorServer", "Website.BlazorServer\Website.BlazorServer.csproj", "{99DEA7C6-D78A-4668-A089-1391DEF83351}"
EndProject
Project("{E53339B2-1760-4266-BCC7-CA923CBCF16C}") = "docker-compose", "docker-compose.dcproj", "{4F58C0A0-94C6-40C7-9288-6DCD33D8DA72}"
EndProject
Global
	GlobalSection(SolutionConfigurationPlatforms) = preSolution
		Debug|Any CPU = Debug|Any CPU
		Release|Any CPU = Release|Any CPU
	EndGlobalSection
	GlobalSection(ProjectConfigurationPlatforms) = postSolution
		{8A95DD2F-E743-438F-8189-66449B8513A4}.Debug|Any CPU.ActiveCfg = Debug|Any CPU
		{8A95DD2F-E743-438F-8189-66449B8513A4}.Debug|Any CPU.Build.0 = Debug|Any CPU
		{8A95DD2F-E743-438F-8189-66449B8513A4}.Release|Any CPU.ActiveCfg = Release|Any CPU
		{8A95DD2F-E743-438F-8189-66449B8513A4}.Release|Any CPU.Build.0 = Release|Any CPU
		{318E048D-D184-4B80-8482-32244AD66EFB}.Debug|Any CPU.ActiveCfg = Debug|Any CPU
		{318E048D-D184-4B80-8482-32244AD66EFB}.Debug|Any CPU.Build.0 = Debug|Any CPU
		{318E048D-D184-4B80-8482-32244AD66EFB}.Release|Any CPU.ActiveCfg = Release|Any CPU
		{318E048D-D184-4B80-8482-32244AD66EFB}.Release|Any CPU.Build.0 = Release|Any CPU
		{99DEA7C6-D78A-4668-A089-1391DEF83351}.Debug|Any CPU.ActiveCfg = Debug|Any CPU
		{99DEA7C6-D78A-4668-A089-1391DEF83351}.Debug|Any CPU.Build.0 = Debug|Any CPU
		{99DEA7C6-D78A-4668-A089-1391DEF83351}.Release|Any CPU.ActiveCfg = Release|Any CPU
		{99DEA7C6-D78A-4668-A089-1391DEF83351}.Release|Any CPU.Build.0 = Release|Any CPU
		{4F58C0A0-94C6-40C7-9288-6DCD33D8DA72}.Debug|Any CPU.ActiveCfg = Debug|Any CPU
		{4F58C0A0-94C6-40C7-9288-6DCD33D8DA72}.Debug|Any CPU.Build.0 = Debug|Any CPU
		{4F58C0A0-94C6-40C7-9288-6DCD33D8DA72}.Release|Any CPU.ActiveCfg = Release|Any CPU
		{4F58C0A0-94C6-40C7-9288-6DCD33D8DA72}.Release|Any CPU.Build.0 = Release|Any CPU
	EndGlobalSection
	GlobalSection(SolutionProperties) = preSolution
		HideSolutionNode = FALSE
	EndGlobalSection
	GlobalSection(ExtensibilityGlobals) = postSolution
		SolutionGuid = {58C901B3-5F1D-43BD-9226-BF4E9609513F}
	EndGlobalSection
EndGlobal
