
Microsoft Visual Studio Solution File, Format Version 12.00
# Visual Studio Version 17
VisualStudioVersion = 17.1.32319.34
MinimumVisualStudioVersion = 10.0.40219.1
Project("{2150E333-8FDC-42A3-9474-1A3956D46DE8}") = "Solution Items", "Solution Items", "{02091FAA-8500-45F7-9EC4-885D6138E2BB}"
	ProjectSection(SolutionItems) = preProject
		.dockerignore = .dockerignore
		.editorconfig = .editorconfig
		.gitattributes = .gitattributes
		.gitignore = .gitignore
		.github\ISSUE_TEMPLATE\bug_report.md = .github\ISSUE_TEMPLATE\bug_report.md
		ctag.cmd = ctag.cmd
		.github\dependabot.yml = .github\dependabot.yml
		Directory.Build.props = Directory.Build.props
		.github\workflows\GithubActionsRelease.yml = .github\workflows\GithubActionsRelease.yml
		.github\workflows\GithubActionsWIP.yml = .github\workflows\GithubActionsWIP.yml
		LICENSE.md = LICENSE.md
		README.md = README.md
		SuperClean.cmd = SuperClean.cmd
	EndProjectSection
EndProject
Project("{9A19103F-16F7-4668-BE54-9A1E7A4F7556}") = "Website.Server", "Website.Server\Website.Server.csproj", "{99DEA7C6-D78A-4668-A089-1391DEF83351}"
EndProject
Project("{9A19103F-16F7-4668-BE54-9A1E7A4F7556}") = "Website.WebAssembly", "Website.WebAssembly\Website.WebAssembly.csproj", "{2118600B-6152-41BE-BD5C-A617713984C5}"
EndProject
Project("{9A19103F-16F7-4668-BE54-9A1E7A4F7556}") = "Website.Client", "Website.Client\Website.Client.csproj", "{F9FA8593-1E69-44AE-912C-BD24CE44590F}"
EndProject
Global
	GlobalSection(SolutionConfigurationPlatforms) = preSolution
		Debug_Server|Any CPU = Debug_Server|Any CPU
		Debug_WebAssembly|Any CPU = Debug_WebAssembly|Any CPU
		Release_Server|Any CPU = Release_Server|Any CPU
		Release_WebAssembly|Any CPU = Release_WebAssembly|Any CPU
	EndGlobalSection
	GlobalSection(ProjectConfigurationPlatforms) = postSolution
		{99DEA7C6-D78A-4668-A089-1391DEF83351}.Debug_Server|Any CPU.ActiveCfg = Debug_Server|Any CPU
		{99DEA7C6-D78A-4668-A089-1391DEF83351}.Debug_Server|Any CPU.Build.0 = Debug_Server|Any CPU
		{99DEA7C6-D78A-4668-A089-1391DEF83351}.Debug_WebAssembly|Any CPU.ActiveCfg = Debug_WebAssembly|Any CPU
		{99DEA7C6-D78A-4668-A089-1391DEF83351}.Debug_WebAssembly|Any CPU.Build.0 = Debug_WebAssembly|Any CPU
		{99DEA7C6-D78A-4668-A089-1391DEF83351}.Release_Server|Any CPU.ActiveCfg = Release_Server|Any CPU
		{99DEA7C6-D78A-4668-A089-1391DEF83351}.Release_Server|Any CPU.Build.0 = Release_Server|Any CPU
		{99DEA7C6-D78A-4668-A089-1391DEF83351}.Release_WebAssembly|Any CPU.ActiveCfg = Release_WebAssembly|Any CPU
		{99DEA7C6-D78A-4668-A089-1391DEF83351}.Release_WebAssembly|Any CPU.Build.0 = Release_WebAssembly|Any CPU
		{2118600B-6152-41BE-BD5C-A617713984C5}.Debug_Server|Any CPU.ActiveCfg = Debug_Server|Any CPU
		{2118600B-6152-41BE-BD5C-A617713984C5}.Debug_Server|Any CPU.Build.0 = Debug_Server|Any CPU
		{2118600B-6152-41BE-BD5C-A617713984C5}.Debug_WebAssembly|Any CPU.ActiveCfg = Debug_WebAssembly|Any CPU
		{2118600B-6152-41BE-BD5C-A617713984C5}.Debug_WebAssembly|Any CPU.Build.0 = Debug_WebAssembly|Any CPU
		{2118600B-6152-41BE-BD5C-A617713984C5}.Release_Server|Any CPU.ActiveCfg = Release_Server|Any CPU
		{2118600B-6152-41BE-BD5C-A617713984C5}.Release_Server|Any CPU.Build.0 = Release_Server|Any CPU
		{2118600B-6152-41BE-BD5C-A617713984C5}.Release_WebAssembly|Any CPU.ActiveCfg = Release_WebAssembly|Any CPU
		{2118600B-6152-41BE-BD5C-A617713984C5}.Release_WebAssembly|Any CPU.Build.0 = Release_WebAssembly|Any CPU
		{F9FA8593-1E69-44AE-912C-BD24CE44590F}.Debug_Server|Any CPU.ActiveCfg = Debug_Server|Any CPU
		{F9FA8593-1E69-44AE-912C-BD24CE44590F}.Debug_Server|Any CPU.Build.0 = Debug_Server|Any CPU
		{F9FA8593-1E69-44AE-912C-BD24CE44590F}.Debug_WebAssembly|Any CPU.ActiveCfg = Debug_WebAssembly|Any CPU
		{F9FA8593-1E69-44AE-912C-BD24CE44590F}.Debug_WebAssembly|Any CPU.Build.0 = Debug_WebAssembly|Any CPU
		{F9FA8593-1E69-44AE-912C-BD24CE44590F}.Release_Server|Any CPU.ActiveCfg = Release_Server|Any CPU
		{F9FA8593-1E69-44AE-912C-BD24CE44590F}.Release_Server|Any CPU.Build.0 = Release_Server|Any CPU
		{F9FA8593-1E69-44AE-912C-BD24CE44590F}.Release_WebAssembly|Any CPU.ActiveCfg = Release_WebAssembly|Any CPU
		{F9FA8593-1E69-44AE-912C-BD24CE44590F}.Release_WebAssembly|Any CPU.Build.0 = Release_WebAssembly|Any CPU
	EndGlobalSection
	GlobalSection(SolutionProperties) = preSolution
		HideSolutionNode = FALSE
	EndGlobalSection
	GlobalSection(ExtensibilityGlobals) = postSolution
		SolutionGuid = {58C901B3-5F1D-43BD-9226-BF4E9609513F}
	EndGlobalSection
EndGlobal
